
Microsoft Visual Studio Solution File, Format Version 12.00
# Visual Studio Version 17
VisualStudioVersion = 17.5.002.0
MinimumVisualStudioVersion = 10.0.40219.1
Project("{9A19103F-16F7-4668-BE54-9A1E7A4F7556}") = "Book2Screen", "Book2Screen.csproj", "{E2FB8C11-8777-40F3-B820-74F82346AEF7}"
EndProject
Global
	GlobalSection(SolutionConfigurationPlatforms) = preSolution
		Debug|Any CPU = Debug|Any CPU
		Release|Any CPU = Release|Any CPU
	EndGlobalSection
	GlobalSection(ProjectConfigurationPlatforms) = postSolution
		{E2FB8C11-8777-40F3-B820-74F82346AEF7}.Debug|Any CPU.ActiveCfg = Debug|Any CPU
		{E2FB8C11-8777-40F3-B820-74F82346AEF7}.Debug|Any CPU.Build.0 = Debug|Any CPU
		{E2FB8C11-8777-40F3-B820-74F82346AEF7}.Release|Any CPU.ActiveCfg = Release|Any CPU
		{E2FB8C11-8777-40F3-B820-74F82346AEF7}.Release|Any CPU.Build.0 = Release|Any CPU
	EndGlobalSection
	GlobalSection(SolutionProperties) = preSolution
		HideSolutionNode = FALSE
	EndGlobalSection
	GlobalSection(ExtensibilityGlobals) = postSolution
		SolutionGuid = {7BFC82CB-2727-4081-A235-E3C8130E8378}
	EndGlobalSection
EndGlobal
